
Microsoft Visual Studio Solution File, Format Version 12.00
# Visual Studio 15
VisualStudioVersion = 15.0.28307.1684
MinimumVisualStudioVersion = 10.0.40219.1
Project("{FAE04EC0-301F-11D3-BF4B-00C04F79EFBC}") = "DllConvertToStream", "DllConvertToStream\DllConvertToStream.csproj", "{8D027C92-5CCE-465D-A500-90B1F8F92921}"
EndProject
Project("{00D1A9C2-B5F0-4AF3-8072-F6C62B433612}") = "Toolkit", "Toolkit\Toolkit.sqlproj", "{22B55511-EE65-4393-B2C5-159A275A8FCF}"
EndProject
Global
	GlobalSection(SolutionConfigurationPlatforms) = preSolution
		Debug|Any CPU = Debug|Any CPU
		Release|Any CPU = Release|Any CPU
	EndGlobalSection
	GlobalSection(ProjectConfigurationPlatforms) = postSolution
		{8D027C92-5CCE-465D-A500-90B1F8F92921}.Debug|Any CPU.ActiveCfg = Debug|Any CPU
		{8D027C92-5CCE-465D-A500-90B1F8F92921}.Debug|Any CPU.Build.0 = Debug|Any CPU
		{8D027C92-5CCE-465D-A500-90B1F8F92921}.Release|Any CPU.ActiveCfg = Release|Any CPU
		{8D027C92-5CCE-465D-A500-90B1F8F92921}.Release|Any CPU.Build.0 = Release|Any CPU
		{22B55511-EE65-4393-B2C5-159A275A8FCF}.Debug|Any CPU.ActiveCfg = Debug|Any CPU
		{22B55511-EE65-4393-B2C5-159A275A8FCF}.Debug|Any CPU.Build.0 = Debug|Any CPU
		{22B55511-EE65-4393-B2C5-159A275A8FCF}.Debug|Any CPU.Deploy.0 = Debug|Any CPU
		{22B55511-EE65-4393-B2C5-159A275A8FCF}.Release|Any CPU.ActiveCfg = Release|Any CPU
		{22B55511-EE65-4393-B2C5-159A275A8FCF}.Release|Any CPU.Build.0 = Release|Any CPU
		{22B55511-EE65-4393-B2C5-159A275A8FCF}.Release|Any CPU.Deploy.0 = Release|Any CPU
	EndGlobalSection
	GlobalSection(SolutionProperties) = preSolution
		HideSolutionNode = FALSE
	EndGlobalSection
	GlobalSection(ExtensibilityGlobals) = postSolution
		SolutionGuid = {BC1D0C9D-63EB-426B-8DF7-D07CFC8C9541}
	EndGlobalSection
EndGlobal
